
Microsoft Visual Studio Solution File, Format Version 12.00
# Visual Studio 15
VisualStudioVersion = 15.0.26430.6
MinimumVisualStudioVersion = 10.0.40219.1
Project("{FAE04EC0-301F-11D3-BF4B-00C04F79EFBC}") = "App1.Android", "App1\App1.Android\App1.Android.csproj", "{3ACCC5C3-6292-45B6-A426-08A253D22D6E}"
EndProject
Project("{FAE04EC0-301F-11D3-BF4B-00C04F79EFBC}") = "App1", "App1\App1\App1.csproj", "{854B8F31-6D71-4C45-A6ED-50340563EDCC}"
EndProject
Global
	GlobalSection(SolutionConfigurationPlatforms) = preSolution
		Ad-Hoc|Any CPU = Ad-Hoc|Any CPU
		Ad-Hoc|iPhone = Ad-Hoc|iPhone
		Ad-Hoc|iPhoneSimulator = Ad-Hoc|iPhoneSimulator
		AppStore|Any CPU = AppStore|Any CPU
		AppStore|iPhone = AppStore|iPhone
		AppStore|iPhoneSimulator = AppStore|iPhoneSimulator
		Debug|Any CPU = Debug|Any CPU
		Debug|iPhone = Debug|iPhone
		Debug|iPhoneSimulator = Debug|iPhoneSimulator
		Release|Any CPU = Release|Any CPU
		Release|iPhone = Release|iPhone
		Release|iPhoneSimulator = Release|iPhoneSimulator
	EndGlobalSection
	GlobalSection(ProjectConfigurationPlatforms) = postSolution
		{3ACCC5C3-6292-45B6-A426-08A253D22D6E}.Ad-Hoc|Any CPU.ActiveCfg = Release|Any CPU
		{3ACCC5C3-6292-45B6-A426-08A253D22D6E}.Ad-Hoc|Any CPU.Build.0 = Release|Any CPU
		{3ACCC5C3-6292-45B6-A426-08A253D22D6E}.Ad-Hoc|Any CPU.Deploy.0 = Release|Any CPU
		{3ACCC5C3-6292-45B6-A426-08A253D22D6E}.Ad-Hoc|iPhone.ActiveCfg = Release|Any CPU
		{3ACCC5C3-6292-45B6-A426-08A253D22D6E}.Ad-Hoc|iPhone.Build.0 = Release|Any CPU
		{3ACCC5C3-6292-45B6-A426-08A253D22D6E}.Ad-Hoc|iPhone.Deploy.0 = Release|Any CPU
		{3ACCC5C3-6292-45B6-A426-08A253D22D6E}.Ad-Hoc|iPhoneSimulator.ActiveCfg = Release|Any CPU
		{3ACCC5C3-6292-45B6-A426-08A253D22D6E}.Ad-Hoc|iPhoneSimulator.Build.0 = Release|Any CPU
		{3ACCC5C3-6292-45B6-A426-08A253D22D6E}.Ad-Hoc|iPhoneSimulator.Deploy.0 = Release|Any CPU
		{3ACCC5C3-6292-45B6-A426-08A253D22D6E}.AppStore|Any CPU.ActiveCfg = Release|Any CPU
		{3ACCC5C3-6292-45B6-A426-08A253D22D6E}.AppStore|Any CPU.Build.0 = Release|Any CPU
		{3ACCC5C3-6292-45B6-A426-08A253D22D6E}.AppStore|Any CPU.Deploy.0 = Release|Any CPU
		{3ACCC5C3-6292-45B6-A426-08A253D22D6E}.AppStore|iPhone.ActiveCfg = Release|Any CPU
		{3ACCC5C3-6292-45B6-A426-08A253D22D6E}.AppStore|iPhone.Build.0 = Release|Any CPU
		{3ACCC5C3-6292-45B6-A426-08A253D22D6E}.AppStore|iPhone.Deploy.0 = Release|Any CPU
		{3ACCC5C3-6292-45B6-A426-08A253D22D6E}.AppStore|iPhoneSimulator.ActiveCfg = Release|Any CPU
		{3ACCC5C3-6292-45B6-A426-08A253D22D6E}.AppStore|iPhoneSimulator.Build.0 = Release|Any CPU
		{3ACCC5C3-6292-45B6-A426-08A253D22D6E}.AppStore|iPhoneSimulator.Deploy.0 = Release|Any CPU
		{3ACCC5C3-6292-45B6-A426-08A253D22D6E}.Debug|Any CPU.ActiveCfg = Debug|Any CPU
		{3ACCC5C3-6292-45B6-A426-08A253D22D6E}.Debug|Any CPU.Build.0 = Debug|Any CPU
		{3ACCC5C3-6292-45B6-A426-08A253D22D6E}.Debug|Any CPU.Deploy.0 = Debug|Any CPU
		{3ACCC5C3-6292-45B6-A426-08A253D22D6E}.Debug|iPhone.ActiveCfg = Debug|Any CPU
		{3ACCC5C3-6292-45B6-A426-08A253D22D6E}.Debug|iPhone.Build.0 = Debug|Any CPU
		{3ACCC5C3-6292-45B6-A426-08A253D22D6E}.Debug|iPhone.Deploy.0 = Debug|Any CPU
		{3ACCC5C3-6292-45B6-A426-08A253D22D6E}.Debug|iPhoneSimulator.ActiveCfg = Debug|Any CPU
		{3ACCC5C3-6292-45B6-A426-08A253D22D6E}.Debug|iPhoneSimulator.Build.0 = Debug|Any CPU
		{3ACCC5C3-6292-45B6-A426-08A253D22D6E}.Debug|iPhoneSimulator.Deploy.0 = Debug|Any CPU
		{3ACCC5C3-6292-45B6-A426-08A253D22D6E}.Release|Any CPU.ActiveCfg = Release|Any CPU
		{3ACCC5C3-6292-45B6-A426-08A253D22D6E}.Release|Any CPU.Build.0 = Release|Any CPU
		{3ACCC5C3-6292-45B6-A426-08A253D22D6E}.Release|Any CPU.Deploy.0 = Release|Any CPU
		{3ACCC5C3-6292-45B6-A426-08A253D22D6E}.Release|iPhone.ActiveCfg = Release|Any CPU
		{3ACCC5C3-6292-45B6-A426-08A253D22D6E}.Release|iPhone.Build.0 = Release|Any CPU
		{3ACCC5C3-6292-45B6-A426-08A253D22D6E}.Release|iPhone.Deploy.0 = Release|Any CPU
		{3ACCC5C3-6292-45B6-A426-08A253D22D6E}.Release|iPhoneSimulator.ActiveCfg = Release|Any CPU
		{3ACCC5C3-6292-45B6-A426-08A253D22D6E}.Release|iPhoneSimulator.Build.0 = Release|Any CPU
		{3ACCC5C3-6292-45B6-A426-08A253D22D6E}.Release|iPhoneSimulator.Deploy.0 = Release|Any CPU
		{854B8F31-6D71-4C45-A6ED-50340563EDCC}.Ad-Hoc|Any CPU.ActiveCfg = Release|Any CPU
		{854B8F31-6D71-4C45-A6ED-50340563EDCC}.Ad-Hoc|Any CPU.Build.0 = Release|Any CPU
		{854B8F31-6D71-4C45-A6ED-50340563EDCC}.Ad-Hoc|iPhone.ActiveCfg = Release|Any CPU
		{854B8F31-6D71-4C45-A6ED-50340563EDCC}.Ad-Hoc|iPhone.Build.0 = Release|Any CPU
		{854B8F31-6D71-4C45-A6ED-50340563EDCC}.Ad-Hoc|iPhoneSimulator.ActiveCfg = Release|Any CPU
		{854B8F31-6D71-4C45-A6ED-50340563EDCC}.Ad-Hoc|iPhoneSimulator.Build.0 = Release|Any CPU
		{854B8F31-6D71-4C45-A6ED-50340563EDCC}.AppStore|Any CPU.ActiveCfg = Release|Any CPU
		{854B8F31-6D71-4C45-A6ED-50340563EDCC}.AppStore|Any CPU.Build.0 = Release|Any CPU
		{854B8F31-6D71-4C45-A6ED-50340563EDCC}.AppStore|iPhone.ActiveCfg = Release|Any CPU
		{854B8F31-6D71-4C45-A6ED-50340563EDCC}.AppStore|iPhone.Build.0 = Release|Any CPU
		{854B8F31-6D71-4C45-A6ED-50340563EDCC}.AppStore|iPhoneSimulator.ActiveCfg = Release|Any CPU
		{854B8F31-6D71-4C45-A6ED-50340563EDCC}.AppStore|iPhoneSimulator.Build.0 = Release|Any CPU
		{854B8F31-6D71-4C45-A6ED-50340563EDCC}.Debug|Any CPU.ActiveCfg = Debug|Any CPU
		{854B8F31-6D71-4C45-A6ED-50340563EDCC}.Debug|Any CPU.Build.0 = Debug|Any CPU
		{854B8F31-6D71-4C45-A6ED-50340563EDCC}.Debug|iPhone.ActiveCfg = Debug|Any CPU
		{854B8F31-6D71-4C45-A6ED-50340563EDCC}.Debug|iPhone.Build.0 = Debug|Any CPU
		{854B8F31-6D71-4C45-A6ED-50340563EDCC}.Debug|iPhoneSimulator.ActiveCfg = Debug|Any CPU
		{854B8F31-6D71-4C45-A6ED-50340563EDCC}.Debug|iPhoneSimulator.Build.0 = Debug|Any CPU
		{854B8F31-6D71-4C45-A6ED-50340563EDCC}.Release|Any CPU.ActiveCfg = Release|Any CPU
		{854B8F31-6D71-4C45-A6ED-50340563EDCC}.Release|Any CPU.Build.0 = Release|Any CPU
		{854B8F31-6D71-4C45-A6ED-50340563EDCC}.Release|iPhone.ActiveCfg = Release|Any CPU
		{854B8F31-6D71-4C45-A6ED-50340563EDCC}.Release|iPhone.Build.0 = Release|Any CPU
		{854B8F31-6D71-4C45-A6ED-50340563EDCC}.Release|iPhoneSimulator.ActiveCfg = Release|Any CPU
		{854B8F31-6D71-4C45-A6ED-50340563EDCC}.Release|iPhoneSimulator.Build.0 = Release|Any CPU
	EndGlobalSection
	GlobalSection(SolutionProperties) = preSolution
		HideSolutionNode = FALSE
	EndGlobalSection
EndGlobal
